// !$*UTF8*$!
{
	archiveVersion = 1;
	classes = {
	};
	objectVersion = 46;
	objects = {

/* Begin PBXBuildFile section */
		0ED499E6EAE44436BA77AF37 /* libPods.a in Frameworks */ = {isa = PBXBuildFile; fileRef = 4838FBC8DEB14352AD1ABF26 /* libPods.a */; };
		183C85B216B207420097BFF1 /* NotifyCheck.png in Resources */ = {isa = PBXBuildFile; fileRef = 183C85AE16B207420097BFF1 /* NotifyCheck.png */; };
		183C85B316B207420097BFF1 /* NotifyCheck@2x.png in Resources */ = {isa = PBXBuildFile; fileRef = 183C85AF16B207420097BFF1 /* NotifyCheck@2x.png */; };
		183C85B416B207420097BFF1 /* NotifyX.png in Resources */ = {isa = PBXBuildFile; fileRef = 183C85B016B207420097BFF1 /* NotifyX.png */; };
		183C85B516B207420097BFF1 /* NotifyX@2x.png in Resources */ = {isa = PBXBuildFile; fileRef = 183C85B116B207420097BFF1 /* NotifyX@2x.png */; };
		610EA7DA16AEEB9C002046A0 /* SWRevealViewController.m in Sources */ = {isa = PBXBuildFile; fileRef = 610EA7D916AEEB9C002046A0 /* SWRevealViewController.m */; };
		610EA7DE16AEEC57002046A0 /* reveal-icon.png in Resources */ = {isa = PBXBuildFile; fileRef = 610EA7DC16AEEC57002046A0 /* reveal-icon.png */; };
		610EA7DF16AEEC57002046A0 /* reveal-icon@2x.png in Resources */ = {isa = PBXBuildFile; fileRef = 610EA7DD16AEEC57002046A0 /* reveal-icon@2x.png */; };
		610EA7E116AF01C5002046A0 /* photo_not_available_large.png in Resources */ = {isa = PBXBuildFile; fileRef = 610EA7E016AF01C5002046A0 /* photo_not_available_large.png */; };
		6132CD4A16AE6C00009FEC58 /* back_btn.png in Resources */ = {isa = PBXBuildFile; fileRef = 6132CD4016AE6C00009FEC58 /* back_btn.png */; };
		6132CD4B16AE6C00009FEC58 /* car1.jpeg in Resources */ = {isa = PBXBuildFile; fileRef = 6132CD4116AE6C00009FEC58 /* car1.jpeg */; };
		6132CD4C16AE6C00009FEC58 /* car2.jpeg in Resources */ = {isa = PBXBuildFile; fileRef = 6132CD4216AE6C00009FEC58 /* car2.jpeg */; };
		6132CD4D16AE6C00009FEC58 /* Default-568h@2x.png in Resources */ = {isa = PBXBuildFile; fileRef = 6132CD4316AE6C00009FEC58 /* Default-568h@2x.png */; };
		6132CD4E16AE6C00009FEC58 /* Default.png in Resources */ = {isa = PBXBuildFile; fileRef = 6132CD4416AE6C00009FEC58 /* Default.png */; };
		6132CD4F16AE6C00009FEC58 /* Default@2x.png in Resources */ = {isa = PBXBuildFile; fileRef = 6132CD4516AE6C00009FEC58 /* Default@2x.png */; };
		6132CD5016AE6C00009FEC58 /* flt_apply_btn_press.png in Resources */ = {isa = PBXBuildFile; fileRef = 6132CD4616AE6C00009FEC58 /* flt_apply_btn_press.png */; };
		6132CD5116AE6C00009FEC58 /* flt_apply_btn.png in Resources */ = {isa = PBXBuildFile; fileRef = 6132CD4716AE6C00009FEC58 /* flt_apply_btn.png */; };
		6132CD5216AE6C00009FEC58 /* iPhone.storyboard in Resources */ = {isa = PBXBuildFile; fileRef = 6132CD4816AE6C00009FEC58 /* iPhone.storyboard */; };
		6132CD5316AE6C00009FEC58 /* nav_menu_icon.png in Resources */ = {isa = PBXBuildFile; fileRef = 6132CD4916AE6C00009FEC58 /* nav_menu_icon.png */; };
		6132CD5616AE91BD009FEC58 /* DealsFinderHelperMethods.m in Sources */ = {isa = PBXBuildFile; fileRef = 6132CD5516AE91BD009FEC58 /* DealsFinderHelperMethods.m */; };
		6132CD5E16AEA1A3009FEC58 /* photo_not_available.png in Resources */ = {isa = PBXBuildFile; fileRef = 6132CD5D16AEA1A3009FEC58 /* photo_not_available.png */; };
		9720E38216A6664700967FE0 /* CoreLocation.framework in Frameworks */ = {isa = PBXBuildFile; fileRef = 9720E38116A6664700967FE0 /* CoreLocation.framework */; };
		973E5D0316A40DC600E1BDD8 /* LoginViewController.m in Sources */ = {isa = PBXBuildFile; fileRef = 973E5D0216A40DC600E1BDD8 /* LoginViewController.m */; };
		9760C6B516A4132E00D62309 /* SlidingViewController.m in Sources */ = {isa = PBXBuildFile; fileRef = 9760C6B416A4132E00D62309 /* SlidingViewController.m */; };
		9760C6C216A41A1D00D62309 /* DealsListViewController.m in Sources */ = {isa = PBXBuildFile; fileRef = 9760C6C116A41A1D00D62309 /* DealsListViewController.m */; };
		9767E2BA16A94A320018B0E1 /* StoreCell.m in Sources */ = {isa = PBXBuildFile; fileRef = 9767E2B916A94A320018B0E1 /* StoreCell.m */; };
		9767E2CD16A9661F0018B0E1 /* CreateDealViewController.m in Sources */ = {isa = PBXBuildFile; fileRef = 9767E2CC16A9661F0018B0E1 /* CreateDealViewController.m */; };
		97BDBA5316A5A789001411E8 /* Accounts.framework in Frameworks */ = {isa = PBXBuildFile; fileRef = 97BDBA4F16A5A789001411E8 /* Accounts.framework */; };
		97BDBA5416A5A789001411E8 /* AdSupport.framework in Frameworks */ = {isa = PBXBuildFile; fileRef = 97BDBA5016A5A789001411E8 /* AdSupport.framework */; };
		97BDBA5516A5A789001411E8 /* libsqlite3.0.dylib in Frameworks */ = {isa = PBXBuildFile; fileRef = 97BDBA5116A5A789001411E8 /* libsqlite3.0.dylib */; };
		97BDBA5616A5A789001411E8 /* Social.framework in Frameworks */ = {isa = PBXBuildFile; fileRef = 97BDBA5216A5A789001411E8 /* Social.framework */; };
		97C9474916AD9A7C00B707EC /* StoreImage.m in Sources */ = {isa = PBXBuildFile; fileRef = 97C9474816AD9A7C00B707EC /* StoreImage.m */; };
		97CB545C16A7EEF200E752B0 /* DealCell.m in Sources */ = {isa = PBXBuildFile; fileRef = 97CB545B16A7EEF200E752B0 /* DealCell.m */; };
		97CF711416A9228A0042AA65 /* Deal.m in Sources */ = {isa = PBXBuildFile; fileRef = 97CF711316A9228A0042AA65 /* Deal.m */; };
		97D1A69816A3D810000010B4 /* UIKit.framework in Frameworks */ = {isa = PBXBuildFile; fileRef = 97D1A69716A3D810000010B4 /* UIKit.framework */; };
		97D1A69A16A3D810000010B4 /* Foundation.framework in Frameworks */ = {isa = PBXBuildFile; fileRef = 97D1A69916A3D810000010B4 /* Foundation.framework */; };
		97D1A69C16A3D810000010B4 /* CoreGraphics.framework in Frameworks */ = {isa = PBXBuildFile; fileRef = 97D1A69B16A3D810000010B4 /* CoreGraphics.framework */; };
		97D1A6A216A3D810000010B4 /* InfoPlist.strings in Resources */ = {isa = PBXBuildFile; fileRef = 97D1A6A016A3D810000010B4 /* InfoPlist.strings */; };
		97D1A6A416A3D810000010B4 /* main.m in Sources */ = {isa = PBXBuildFile; fileRef = 97D1A6A316A3D810000010B4 /* main.m */; };
		97D1A6A816A3D810000010B4 /* AppDelegate.m in Sources */ = {isa = PBXBuildFile; fileRef = 97D1A6A716A3D810000010B4 /* AppDelegate.m */; };
		97D1A6BC16A3D810000010B4 /* SenTestingKit.framework in Frameworks */ = {isa = PBXBuildFile; fileRef = 97D1A6BB16A3D810000010B4 /* SenTestingKit.framework */; };
		97D1A6BD16A3D810000010B4 /* UIKit.framework in Frameworks */ = {isa = PBXBuildFile; fileRef = 97D1A69716A3D810000010B4 /* UIKit.framework */; };
		97D1A6BE16A3D810000010B4 /* Foundation.framework in Frameworks */ = {isa = PBXBuildFile; fileRef = 97D1A69916A3D810000010B4 /* Foundation.framework */; };
		97D1A6C616A3D810000010B4 /* InfoPlist.strings in Resources */ = {isa = PBXBuildFile; fileRef = 97D1A6C416A3D810000010B4 /* InfoPlist.strings */; };
		97D1A6C916A3D810000010B4 /* AppacitiveDealsNearYouTests.m in Sources */ = {isa = PBXBuildFile; fileRef = 97D1A6C816A3D810000010B4 /* AppacitiveDealsNearYouTests.m */; };
		97D406F816AD0DF000F3740C /* DealDetailViewController.m in Sources */ = {isa = PBXBuildFile; fileRef = 97D406F716AD0DF000F3740C /* DealDetailViewController.m */; };
		97D406FC16AD1D9700F3740C /* Store.m in Sources */ = {isa = PBXBuildFile; fileRef = 97D406FB16AD1D9700F3740C /* Store.m */; };
		97D4070216AD5D6100F3740C /* CreateStoreViewController.m in Sources */ = {isa = PBXBuildFile; fileRef = 97D4070116AD5D6100F3740C /* CreateStoreViewController.m */; };
		97E4D34D16A3DDBB0042A19B /* CFNetwork.framework in Frameworks */ = {isa = PBXBuildFile; fileRef = 97E4D34C16A3DDBB0042A19B /* CFNetwork.framework */; };
		97E675C316A477A600B69F36 /* StoreListViewController.m in Sources */ = {isa = PBXBuildFile; fileRef = 97E675C216A477A600B69F36 /* StoreListViewController.m */; };
/* End PBXBuildFile section */

/* Begin PBXContainerItemProxy section */
		97D1A6BF16A3D810000010B4 /* PBXContainerItemProxy */ = {
			isa = PBXContainerItemProxy;
			containerPortal = 97D1A68A16A3D810000010B4 /* Project object */;
			proxyType = 1;
			remoteGlobalIDString = 97D1A69216A3D810000010B4;
			remoteInfo = AppacitiveDealsNearYou;
		};
/* End PBXContainerItemProxy section */

/* Begin PBXFileReference section */
		1724B85E3A6C4E4BBDA9B79B /* Pods.xcconfig */ = {isa = PBXFileReference; includeInIndex = 1; lastKnownFileType = text.xcconfig; name = Pods.xcconfig; path = Pods/Pods.xcconfig; sourceTree = SOURCE_ROOT; };
		183C85AE16B207420097BFF1 /* NotifyCheck.png */ = {isa = PBXFileReference; lastKnownFileType = image.png; path = NotifyCheck.png; sourceTree = "<group>"; };
		183C85AF16B207420097BFF1 /* NotifyCheck@2x.png */ = {isa = PBXFileReference; lastKnownFileType = image.png; path = "NotifyCheck@2x.png"; sourceTree = "<group>"; };
		183C85B016B207420097BFF1 /* NotifyX.png */ = {isa = PBXFileReference; lastKnownFileType = image.png; path = NotifyX.png; sourceTree = "<group>"; };
		183C85B116B207420097BFF1 /* NotifyX@2x.png */ = {isa = PBXFileReference; lastKnownFileType = image.png; path = "NotifyX@2x.png"; sourceTree = "<group>"; };
		4838FBC8DEB14352AD1ABF26 /* libPods.a */ = {isa = PBXFileReference; explicitFileType = archive.ar; includeInIndex = 0; path = libPods.a; sourceTree = BUILT_PRODUCTS_DIR; };
		610EA7D816AEEB9C002046A0 /* SWRevealViewController.h */ = {isa = PBXFileReference; fileEncoding = 4; lastKnownFileType = sourcecode.c.h; path = SWRevealViewController.h; sourceTree = "<group>"; };
		610EA7D916AEEB9C002046A0 /* SWRevealViewController.m */ = {isa = PBXFileReference; fileEncoding = 4; lastKnownFileType = sourcecode.c.objc; path = SWRevealViewController.m; sourceTree = "<group>"; };
		610EA7DC16AEEC57002046A0 /* reveal-icon.png */ = {isa = PBXFileReference; lastKnownFileType = image.png; path = "reveal-icon.png"; sourceTree = "<group>"; };
		610EA7DD16AEEC57002046A0 /* reveal-icon@2x.png */ = {isa = PBXFileReference; lastKnownFileType = image.png; path = "reveal-icon@2x.png"; sourceTree = "<group>"; };
		610EA7E016AF01C5002046A0 /* photo_not_available_large.png */ = {isa = PBXFileReference; lastKnownFileType = image.png; path = photo_not_available_large.png; sourceTree = "<group>"; };
		6132CD4016AE6C00009FEC58 /* back_btn.png */ = {isa = PBXFileReference; lastKnownFileType = image.png; path = back_btn.png; sourceTree = "<group>"; };
		6132CD4116AE6C00009FEC58 /* car1.jpeg */ = {isa = PBXFileReference; lastKnownFileType = image.jpeg; path = car1.jpeg; sourceTree = "<group>"; };
		6132CD4216AE6C00009FEC58 /* car2.jpeg */ = {isa = PBXFileReference; lastKnownFileType = image.jpeg; path = car2.jpeg; sourceTree = "<group>"; };
		6132CD4316AE6C00009FEC58 /* Default-568h@2x.png */ = {isa = PBXFileReference; lastKnownFileType = image.png; path = "Default-568h@2x.png"; sourceTree = "<group>"; };
		6132CD4416AE6C00009FEC58 /* Default.png */ = {isa = PBXFileReference; lastKnownFileType = image.png; path = Default.png; sourceTree = "<group>"; };
		6132CD4516AE6C00009FEC58 /* Default@2x.png */ = {isa = PBXFileReference; lastKnownFileType = image.png; path = "Default@2x.png"; sourceTree = "<group>"; };
		6132CD4616AE6C00009FEC58 /* flt_apply_btn_press.png */ = {isa = PBXFileReference; lastKnownFileType = image.png; path = flt_apply_btn_press.png; sourceTree = "<group>"; };
		6132CD4716AE6C00009FEC58 /* flt_apply_btn.png */ = {isa = PBXFileReference; lastKnownFileType = image.png; path = flt_apply_btn.png; sourceTree = "<group>"; };
		6132CD4816AE6C00009FEC58 /* iPhone.storyboard */ = {isa = PBXFileReference; fileEncoding = 4; lastKnownFileType = file.storyboard; path = iPhone.storyboard; sourceTree = "<group>"; };
		6132CD4916AE6C00009FEC58 /* nav_menu_icon.png */ = {isa = PBXFileReference; lastKnownFileType = image.png; path = nav_menu_icon.png; sourceTree = "<group>"; };
		6132CD5416AE91BD009FEC58 /* DealsFinderHelperMethods.h */ = {isa = PBXFileReference; fileEncoding = 4; lastKnownFileType = sourcecode.c.h; path = DealsFinderHelperMethods.h; sourceTree = "<group>"; };
		6132CD5516AE91BD009FEC58 /* DealsFinderHelperMethods.m */ = {isa = PBXFileReference; fileEncoding = 4; lastKnownFileType = sourcecode.c.objc; path = DealsFinderHelperMethods.m; sourceTree = "<group>"; };
		6132CD5D16AEA1A3009FEC58 /* photo_not_available.png */ = {isa = PBXFileReference; lastKnownFileType = image.png; path = photo_not_available.png; sourceTree = "<group>"; };
		9720E38116A6664700967FE0 /* CoreLocation.framework */ = {isa = PBXFileReference; lastKnownFileType = wrapper.framework; name = CoreLocation.framework; path = System/Library/Frameworks/CoreLocation.framework; sourceTree = SDKROOT; };
		973E5D0116A40DC600E1BDD8 /* LoginViewController.h */ = {isa = PBXFileReference; fileEncoding = 4; lastKnownFileType = sourcecode.c.h; path = LoginViewController.h; sourceTree = "<group>"; };
		973E5D0216A40DC600E1BDD8 /* LoginViewController.m */ = {isa = PBXFileReference; fileEncoding = 4; lastKnownFileType = sourcecode.c.objc; path = LoginViewController.m; sourceTree = "<group>"; };
		9760C6B316A4132E00D62309 /* SlidingViewController.h */ = {isa = PBXFileReference; fileEncoding = 4; lastKnownFileType = sourcecode.c.h; path = SlidingViewController.h; sourceTree = "<group>"; };
		9760C6B416A4132E00D62309 /* SlidingViewController.m */ = {isa = PBXFileReference; fileEncoding = 4; lastKnownFileType = sourcecode.c.objc; path = SlidingViewController.m; sourceTree = "<group>"; };
		9760C6C016A41A1D00D62309 /* DealsListViewController.h */ = {isa = PBXFileReference; fileEncoding = 4; lastKnownFileType = sourcecode.c.h; path = DealsListViewController.h; sourceTree = "<group>"; };
		9760C6C116A41A1D00D62309 /* DealsListViewController.m */ = {isa = PBXFileReference; fileEncoding = 4; lastKnownFileType = sourcecode.c.objc; path = DealsListViewController.m; sourceTree = "<group>"; };
		9767E2B816A94A320018B0E1 /* StoreCell.h */ = {isa = PBXFileReference; fileEncoding = 4; lastKnownFileType = sourcecode.c.h; path = StoreCell.h; sourceTree = "<group>"; };
		9767E2B916A94A320018B0E1 /* StoreCell.m */ = {isa = PBXFileReference; fileEncoding = 4; lastKnownFileType = sourcecode.c.objc; path = StoreCell.m; sourceTree = "<group>"; };
		9767E2C816A966010018B0E1 /* CreateStoreViewController.h */ = {isa = PBXFileReference; fileEncoding = 4; lastKnownFileType = sourcecode.c.h; path = CreateStoreViewController.h; sourceTree = "<group>"; };
		9767E2CB16A9661E0018B0E1 /* CreateDealViewController.h */ = {isa = PBXFileReference; fileEncoding = 4; lastKnownFileType = sourcecode.c.h; path = CreateDealViewController.h; sourceTree = "<group>"; };
		9767E2CC16A9661F0018B0E1 /* CreateDealViewController.m */ = {isa = PBXFileReference; fileEncoding = 4; lastKnownFileType = sourcecode.c.objc; path = CreateDealViewController.m; sourceTree = "<group>"; };
		97BDBA4F16A5A789001411E8 /* Accounts.framework */ = {isa = PBXFileReference; lastKnownFileType = wrapper.framework; name = Accounts.framework; path = System/Library/Frameworks/Accounts.framework; sourceTree = SDKROOT; };
		97BDBA5016A5A789001411E8 /* AdSupport.framework */ = {isa = PBXFileReference; lastKnownFileType = wrapper.framework; name = AdSupport.framework; path = System/Library/Frameworks/AdSupport.framework; sourceTree = SDKROOT; };
		97BDBA5116A5A789001411E8 /* libsqlite3.0.dylib */ = {isa = PBXFileReference; lastKnownFileType = "compiled.mach-o.dylib"; name = libsqlite3.0.dylib; path = usr/lib/libsqlite3.0.dylib; sourceTree = SDKROOT; };
		97BDBA5216A5A789001411E8 /* Social.framework */ = {isa = PBXFileReference; lastKnownFileType = wrapper.framework; name = Social.framework; path = System/Library/Frameworks/Social.framework; sourceTree = SDKROOT; };
		97C9474716AD9A7C00B707EC /* StoreImage.h */ = {isa = PBXFileReference; fileEncoding = 4; lastKnownFileType = sourcecode.c.h; path = StoreImage.h; sourceTree = "<group>"; };
		97C9474816AD9A7C00B707EC /* StoreImage.m */ = {isa = PBXFileReference; fileEncoding = 4; lastKnownFileType = sourcecode.c.objc; path = StoreImage.m; sourceTree = "<group>"; };
		97CB545A16A7EEF200E752B0 /* DealCell.h */ = {isa = PBXFileReference; fileEncoding = 4; lastKnownFileType = sourcecode.c.h; path = DealCell.h; sourceTree = "<group>"; };
		97CB545B16A7EEF200E752B0 /* DealCell.m */ = {isa = PBXFileReference; fileEncoding = 4; lastKnownFileType = sourcecode.c.objc; path = DealCell.m; sourceTree = "<group>"; };
		97CF711216A9228A0042AA65 /* Deal.h */ = {isa = PBXFileReference; fileEncoding = 4; lastKnownFileType = sourcecode.c.h; path = Deal.h; sourceTree = "<group>"; };
		97CF711316A9228A0042AA65 /* Deal.m */ = {isa = PBXFileReference; fileEncoding = 4; lastKnownFileType = sourcecode.c.objc; path = Deal.m; sourceTree = "<group>"; };
		97D1A69316A3D810000010B4 /* AppacitiveDealsNearYou.app */ = {isa = PBXFileReference; explicitFileType = wrapper.application; includeInIndex = 0; path = AppacitiveDealsNearYou.app; sourceTree = BUILT_PRODUCTS_DIR; };
		97D1A69716A3D810000010B4 /* UIKit.framework */ = {isa = PBXFileReference; lastKnownFileType = wrapper.framework; name = UIKit.framework; path = System/Library/Frameworks/UIKit.framework; sourceTree = SDKROOT; };
		97D1A69916A3D810000010B4 /* Foundation.framework */ = {isa = PBXFileReference; lastKnownFileType = wrapper.framework; name = Foundation.framework; path = System/Library/Frameworks/Foundation.framework; sourceTree = SDKROOT; };
		97D1A69B16A3D810000010B4 /* CoreGraphics.framework */ = {isa = PBXFileReference; lastKnownFileType = wrapper.framework; name = CoreGraphics.framework; path = System/Library/Frameworks/CoreGraphics.framework; sourceTree = SDKROOT; };
		97D1A69F16A3D810000010B4 /* AppacitiveDealsNearYou-Info.plist */ = {isa = PBXFileReference; lastKnownFileType = text.plist.xml; path = "AppacitiveDealsNearYou-Info.plist"; sourceTree = "<group>"; };
		97D1A6A116A3D810000010B4 /* en */ = {isa = PBXFileReference; lastKnownFileType = text.plist.strings; name = en; path = en.lproj/InfoPlist.strings; sourceTree = "<group>"; };
		97D1A6A316A3D810000010B4 /* main.m */ = {isa = PBXFileReference; lastKnownFileType = sourcecode.c.objc; path = main.m; sourceTree = "<group>"; };
		97D1A6A516A3D810000010B4 /* AppacitiveDealsNearYou-Prefix.pch */ = {isa = PBXFileReference; lastKnownFileType = sourcecode.c.h; path = "AppacitiveDealsNearYou-Prefix.pch"; sourceTree = "<group>"; };
		97D1A6A616A3D810000010B4 /* AppDelegate.h */ = {isa = PBXFileReference; lastKnownFileType = sourcecode.c.h; path = AppDelegate.h; sourceTree = "<group>"; };
		97D1A6A716A3D810000010B4 /* AppDelegate.m */ = {isa = PBXFileReference; lastKnownFileType = sourcecode.c.objc; path = AppDelegate.m; sourceTree = "<group>"; };
		97D1A6BA16A3D810000010B4 /* AppacitiveDealsNearYouTests.octest */ = {isa = PBXFileReference; explicitFileType = wrapper.cfbundle; includeInIndex = 0; path = AppacitiveDealsNearYouTests.octest; sourceTree = BUILT_PRODUCTS_DIR; };
		97D1A6BB16A3D810000010B4 /* SenTestingKit.framework */ = {isa = PBXFileReference; lastKnownFileType = wrapper.framework; name = SenTestingKit.framework; path = Library/Frameworks/SenTestingKit.framework; sourceTree = DEVELOPER_DIR; };
		97D1A6C316A3D810000010B4 /* AppacitiveDealsNearYouTests-Info.plist */ = {isa = PBXFileReference; lastKnownFileType = text.plist.xml; path = "AppacitiveDealsNearYouTests-Info.plist"; sourceTree = "<group>"; };
		97D1A6C516A3D810000010B4 /* en */ = {isa = PBXFileReference; lastKnownFileType = text.plist.strings; name = en; path = en.lproj/InfoPlist.strings; sourceTree = "<group>"; };
		97D1A6C716A3D810000010B4 /* AppacitiveDealsNearYouTests.h */ = {isa = PBXFileReference; lastKnownFileType = sourcecode.c.h; path = AppacitiveDealsNearYouTests.h; sourceTree = "<group>"; };
		97D1A6C816A3D810000010B4 /* AppacitiveDealsNearYouTests.m */ = {isa = PBXFileReference; lastKnownFileType = sourcecode.c.objc; path = AppacitiveDealsNearYouTests.m; sourceTree = "<group>"; };
		97D406F616AD0DF000F3740C /* DealDetailViewController.h */ = {isa = PBXFileReference; fileEncoding = 4; lastKnownFileType = sourcecode.c.h; path = DealDetailViewController.h; sourceTree = "<group>"; };
		97D406F716AD0DF000F3740C /* DealDetailViewController.m */ = {isa = PBXFileReference; fileEncoding = 4; lastKnownFileType = sourcecode.c.objc; path = DealDetailViewController.m; sourceTree = "<group>"; };
		97D406FA16AD1D9700F3740C /* Store.h */ = {isa = PBXFileReference; fileEncoding = 4; lastKnownFileType = sourcecode.c.h; path = Store.h; sourceTree = "<group>"; };
		97D406FB16AD1D9700F3740C /* Store.m */ = {isa = PBXFileReference; fileEncoding = 4; lastKnownFileType = sourcecode.c.objc; path = Store.m; sourceTree = "<group>"; };
		97D4070116AD5D6100F3740C /* CreateStoreViewController.m */ = {isa = PBXFileReference; fileEncoding = 4; lastKnownFileType = sourcecode.c.objc; path = CreateStoreViewController.m; sourceTree = "<group>"; };
		97E4D34C16A3DDBB0042A19B /* CFNetwork.framework */ = {isa = PBXFileReference; lastKnownFileType = wrapper.framework; name = CFNetwork.framework; path = System/Library/Frameworks/CFNetwork.framework; sourceTree = SDKROOT; };
		97E675C116A477A600B69F36 /* StoreListViewController.h */ = {isa = PBXFileReference; fileEncoding = 4; lastKnownFileType = sourcecode.c.h; path = StoreListViewController.h; sourceTree = "<group>"; };
		97E675C216A477A600B69F36 /* StoreListViewController.m */ = {isa = PBXFileReference; fileEncoding = 4; lastKnownFileType = sourcecode.c.objc; path = StoreListViewController.m; sourceTree = "<group>"; };
/* End PBXFileReference section */

/* Begin PBXFrameworksBuildPhase section */
		97D1A69016A3D810000010B4 /* Frameworks */ = {
			isa = PBXFrameworksBuildPhase;
			buildActionMask = 2147483647;
			files = (
				9720E38216A6664700967FE0 /* CoreLocation.framework in Frameworks */,
				97BDBA5316A5A789001411E8 /* Accounts.framework in Frameworks */,
				97BDBA5416A5A789001411E8 /* AdSupport.framework in Frameworks */,
				97BDBA5516A5A789001411E8 /* libsqlite3.0.dylib in Frameworks */,
				97BDBA5616A5A789001411E8 /* Social.framework in Frameworks */,
				97E4D34D16A3DDBB0042A19B /* CFNetwork.framework in Frameworks */,
				97D1A69816A3D810000010B4 /* UIKit.framework in Frameworks */,
				97D1A69A16A3D810000010B4 /* Foundation.framework in Frameworks */,
				97D1A69C16A3D810000010B4 /* CoreGraphics.framework in Frameworks */,
				0ED499E6EAE44436BA77AF37 /* libPods.a in Frameworks */,
			);
			runOnlyForDeploymentPostprocessing = 0;
		};
		97D1A6B616A3D810000010B4 /* Frameworks */ = {
			isa = PBXFrameworksBuildPhase;
			buildActionMask = 2147483647;
			files = (
				97D1A6BC16A3D810000010B4 /* SenTestingKit.framework in Frameworks */,
				97D1A6BD16A3D810000010B4 /* UIKit.framework in Frameworks */,
				97D1A6BE16A3D810000010B4 /* Foundation.framework in Frameworks */,
			);
			runOnlyForDeploymentPostprocessing = 0;
		};
/* End PBXFrameworksBuildPhase section */

/* Begin PBXGroup section */
		6132CD3E16AE6B25009FEC58 /* Resources */ = {
			isa = PBXGroup;
			children = (
				183C85AE16B207420097BFF1 /* NotifyCheck.png */,
				183C85AF16B207420097BFF1 /* NotifyCheck@2x.png */,
				183C85B016B207420097BFF1 /* NotifyX.png */,
				183C85B116B207420097BFF1 /* NotifyX@2x.png */,
				610EA7E016AF01C5002046A0 /* photo_not_available_large.png */,
				610EA7DC16AEEC57002046A0 /* reveal-icon.png */,
				610EA7DD16AEEC57002046A0 /* reveal-icon@2x.png */,
				6132CD5D16AEA1A3009FEC58 /* photo_not_available.png */,
				6132CD4016AE6C00009FEC58 /* back_btn.png */,
				6132CD4116AE6C00009FEC58 /* car1.jpeg */,
				6132CD4216AE6C00009FEC58 /* car2.jpeg */,
				6132CD4316AE6C00009FEC58 /* Default-568h@2x.png */,
				6132CD4416AE6C00009FEC58 /* Default.png */,
				6132CD4516AE6C00009FEC58 /* Default@2x.png */,
				6132CD4616AE6C00009FEC58 /* flt_apply_btn_press.png */,
				6132CD4716AE6C00009FEC58 /* flt_apply_btn.png */,
				6132CD4816AE6C00009FEC58 /* iPhone.storyboard */,
				6132CD4916AE6C00009FEC58 /* nav_menu_icon.png */,
			);
			name = Resources;
			path = AppacitiveDealsNearYou/Resources;
			sourceTree = "<group>";
		};
		9760C6B116A4131700D62309 /* ViewControllers */ = {
			isa = PBXGroup;
			children = (
				610EA7D816AEEB9C002046A0 /* SWRevealViewController.h */,
				610EA7D916AEEB9C002046A0 /* SWRevealViewController.m */,
				9760C6B316A4132E00D62309 /* SlidingViewController.h */,
				9760C6B416A4132E00D62309 /* SlidingViewController.m */,
				973E5D0116A40DC600E1BDD8 /* LoginViewController.h */,
				973E5D0216A40DC600E1BDD8 /* LoginViewController.m */,
				9760C6C016A41A1D00D62309 /* DealsListViewController.h */,
				9760C6C116A41A1D00D62309 /* DealsListViewController.m */,
				97D406F616AD0DF000F3740C /* DealDetailViewController.h */,
				97D406F716AD0DF000F3740C /* DealDetailViewController.m */,
				97E675C116A477A600B69F36 /* StoreListViewController.h */,
				97E675C216A477A600B69F36 /* StoreListViewController.m */,
				9767E2C816A966010018B0E1 /* CreateStoreViewController.h */,
				97D4070116AD5D6100F3740C /* CreateStoreViewController.m */,
				9767E2CB16A9661E0018B0E1 /* CreateDealViewController.h */,
				9767E2CC16A9661F0018B0E1 /* CreateDealViewController.m */,
				97C9474716AD9A7C00B707EC /* StoreImage.h */,
				97C9474816AD9A7C00B707EC /* StoreImage.m */,
			);
			name = ViewControllers;
			sourceTree = "<group>";
		};
		97CB545916A7EEC500E752B0 /* CustomCells */ = {
			isa = PBXGroup;
			children = (
				97CB545A16A7EEF200E752B0 /* DealCell.h */,
				97CB545B16A7EEF200E752B0 /* DealCell.m */,
				9767E2B816A94A320018B0E1 /* StoreCell.h */,
				9767E2B916A94A320018B0E1 /* StoreCell.m */,
			);
			name = CustomCells;
			sourceTree = "<group>";
		};
		97CF711016A922740042AA65 /* Classes */ = {
			isa = PBXGroup;
			children = (
				97CF711216A9228A0042AA65 /* Deal.h */,
				97CF711316A9228A0042AA65 /* Deal.m */,
				97D406FA16AD1D9700F3740C /* Store.h */,
				97D406FB16AD1D9700F3740C /* Store.m */,
				6132CD5416AE91BD009FEC58 /* DealsFinderHelperMethods.h */,
				6132CD5516AE91BD009FEC58 /* DealsFinderHelperMethods.m */,
			);
			name = Classes;
			sourceTree = "<group>";
		};
		97D1A68816A3D810000010B4 = {
			isa = PBXGroup;
			children = (
				6132CD3E16AE6B25009FEC58 /* Resources */,
				97D1A69D16A3D810000010B4 /* AppacitiveDealsNearYou */,
				97D1A6C116A3D810000010B4 /* AppacitiveDealsNearYouTests */,
				97D1A69616A3D810000010B4 /* Frameworks */,
				97D1A69416A3D810000010B4 /* Products */,
				1724B85E3A6C4E4BBDA9B79B /* Pods.xcconfig */,
			);
			sourceTree = "<group>";
		};
		97D1A69416A3D810000010B4 /* Products */ = {
			isa = PBXGroup;
			children = (
				97D1A69316A3D810000010B4 /* AppacitiveDealsNearYou.app */,
				97D1A6BA16A3D810000010B4 /* AppacitiveDealsNearYouTests.octest */,
			);
			name = Products;
			sourceTree = "<group>";
		};
		97D1A69616A3D810000010B4 /* Frameworks */ = {
			isa = PBXGroup;
			children = (
				9720E38116A6664700967FE0 /* CoreLocation.framework */,
				97BDBA4F16A5A789001411E8 /* Accounts.framework */,
				97BDBA5016A5A789001411E8 /* AdSupport.framework */,
				97BDBA5116A5A789001411E8 /* libsqlite3.0.dylib */,
				97BDBA5216A5A789001411E8 /* Social.framework */,
				97E4D34C16A3DDBB0042A19B /* CFNetwork.framework */,
				97D1A69716A3D810000010B4 /* UIKit.framework */,
				97D1A69916A3D810000010B4 /* Foundation.framework */,
				97D1A69B16A3D810000010B4 /* CoreGraphics.framework */,
				97D1A6BB16A3D810000010B4 /* SenTestingKit.framework */,
				4838FBC8DEB14352AD1ABF26 /* libPods.a */,
			);
			name = Frameworks;
			sourceTree = "<group>";
		};
		97D1A69D16A3D810000010B4 /* AppacitiveDealsNearYou */ = {
			isa = PBXGroup;
			children = (
				97D1A6A616A3D810000010B4 /* AppDelegate.h */,
				97D1A6A716A3D810000010B4 /* AppDelegate.m */,
				97CF711016A922740042AA65 /* Classes */,
				97CB545916A7EEC500E752B0 /* CustomCells */,
				97D1A69E16A3D810000010B4 /* Supporting Files */,
				9760C6B116A4131700D62309 /* ViewControllers */,
			);
			path = AppacitiveDealsNearYou;
			sourceTree = "<group>";
		};
		97D1A69E16A3D810000010B4 /* Supporting Files */ = {
			isa = PBXGroup;
			children = (
				97D1A69F16A3D810000010B4 /* AppacitiveDealsNearYou-Info.plist */,
				97D1A6A016A3D810000010B4 /* InfoPlist.strings */,
				97D1A6A316A3D810000010B4 /* main.m */,
				97D1A6A516A3D810000010B4 /* AppacitiveDealsNearYou-Prefix.pch */,
			);
			name = "Supporting Files";
			sourceTree = "<group>";
		};
		97D1A6C116A3D810000010B4 /* AppacitiveDealsNearYouTests */ = {
			isa = PBXGroup;
			children = (
				97D1A6C716A3D810000010B4 /* AppacitiveDealsNearYouTests.h */,
				97D1A6C816A3D810000010B4 /* AppacitiveDealsNearYouTests.m */,
				97D1A6C216A3D810000010B4 /* Supporting Files */,
			);
			path = AppacitiveDealsNearYouTests;
			sourceTree = "<group>";
		};
		97D1A6C216A3D810000010B4 /* Supporting Files */ = {
			isa = PBXGroup;
			children = (
				97D1A6C316A3D810000010B4 /* AppacitiveDealsNearYouTests-Info.plist */,
				97D1A6C416A3D810000010B4 /* InfoPlist.strings */,
			);
			name = "Supporting Files";
			sourceTree = "<group>";
		};
/* End PBXGroup section */

/* Begin PBXNativeTarget section */
		97D1A69216A3D810000010B4 /* AppacitiveDealsNearYou */ = {
			isa = PBXNativeTarget;
			buildConfigurationList = 97D1A6CC16A3D810000010B4 /* Build configuration list for PBXNativeTarget "AppacitiveDealsNearYou" */;
			buildPhases = (
				97D1A68F16A3D810000010B4 /* Sources */,
				97D1A69016A3D810000010B4 /* Frameworks */,
				97D1A69116A3D810000010B4 /* Resources */,
				D2AB5858A5A7465F8B7E7DA7 /* Copy Pods Resources */,
			);
			buildRules = (
			);
			dependencies = (
			);
			name = AppacitiveDealsNearYou;
			productName = AppacitiveDealsNearYou;
			productReference = 97D1A69316A3D810000010B4 /* AppacitiveDealsNearYou.app */;
			productType = "com.apple.product-type.application";
		};
		97D1A6B916A3D810000010B4 /* AppacitiveDealsNearYouTests */ = {
			isa = PBXNativeTarget;
			buildConfigurationList = 97D1A6CF16A3D810000010B4 /* Build configuration list for PBXNativeTarget "AppacitiveDealsNearYouTests" */;
			buildPhases = (
				97D1A6B516A3D810000010B4 /* Sources */,
				97D1A6B616A3D810000010B4 /* Frameworks */,
				97D1A6B716A3D810000010B4 /* Resources */,
				97D1A6B816A3D810000010B4 /* ShellScript */,
			);
			buildRules = (
			);
			dependencies = (
				97D1A6C016A3D810000010B4 /* PBXTargetDependency */,
			);
			name = AppacitiveDealsNearYouTests;
			productName = AppacitiveDealsNearYouTests;
			productReference = 97D1A6BA16A3D810000010B4 /* AppacitiveDealsNearYouTests.octest */;
			productType = "com.apple.product-type.bundle";
		};
/* End PBXNativeTarget section */

/* Begin PBXProject section */
		97D1A68A16A3D810000010B4 /* Project object */ = {
			isa = PBXProject;
			attributes = {
				LastUpgradeCheck = 0450;
				ORGANIZATIONNAME = Appacitive;
			};
			buildConfigurationList = 97D1A68D16A3D810000010B4 /* Build configuration list for PBXProject "AppacitiveDealsNearYou" */;
			compatibilityVersion = "Xcode 3.2";
			developmentRegion = English;
			hasScannedForEncodings = 0;
			knownRegions = (
				en,
			);
			mainGroup = 97D1A68816A3D810000010B4;
			productRefGroup = 97D1A69416A3D810000010B4 /* Products */;
			projectDirPath = "";
			projectRoot = "";
			targets = (
				97D1A69216A3D810000010B4 /* AppacitiveDealsNearYou */,
				97D1A6B916A3D810000010B4 /* AppacitiveDealsNearYouTests */,
			);
		};
/* End PBXProject section */

/* Begin PBXResourcesBuildPhase section */
		97D1A69116A3D810000010B4 /* Resources */ = {
			isa = PBXResourcesBuildPhase;
			buildActionMask = 2147483647;
			files = (
				97D1A6A216A3D810000010B4 /* InfoPlist.strings in Resources */,
				6132CD4A16AE6C00009FEC58 /* back_btn.png in Resources */,
				6132CD4B16AE6C00009FEC58 /* car1.jpeg in Resources */,
				6132CD4C16AE6C00009FEC58 /* car2.jpeg in Resources */,
				6132CD4D16AE6C00009FEC58 /* Default-568h@2x.png in Resources */,
				6132CD4E16AE6C00009FEC58 /* Default.png in Resources */,
				6132CD4F16AE6C00009FEC58 /* Default@2x.png in Resources */,
				6132CD5016AE6C00009FEC58 /* flt_apply_btn_press.png in Resources */,
				6132CD5116AE6C00009FEC58 /* flt_apply_btn.png in Resources */,
				6132CD5216AE6C00009FEC58 /* iPhone.storyboard in Resources */,
				6132CD5316AE6C00009FEC58 /* nav_menu_icon.png in Resources */,
				6132CD5E16AEA1A3009FEC58 /* photo_not_available.png in Resources */,
				610EA7DE16AEEC57002046A0 /* reveal-icon.png in Resources */,
				610EA7DF16AEEC57002046A0 /* reveal-icon@2x.png in Resources */,
				610EA7E116AF01C5002046A0 /* photo_not_available_large.png in Resources */,
				183C85B216B207420097BFF1 /* NotifyCheck.png in Resources */,
				183C85B316B207420097BFF1 /* NotifyCheck@2x.png in Resources */,
				183C85B416B207420097BFF1 /* NotifyX.png in Resources */,
				183C85B516B207420097BFF1 /* NotifyX@2x.png in Resources */,
			);
			runOnlyForDeploymentPostprocessing = 0;
		};
		97D1A6B716A3D810000010B4 /* Resources */ = {
			isa = PBXResourcesBuildPhase;
			buildActionMask = 2147483647;
			files = (
				97D1A6C616A3D810000010B4 /* InfoPlist.strings in Resources */,
			);
			runOnlyForDeploymentPostprocessing = 0;
		};
/* End PBXResourcesBuildPhase section */

/* Begin PBXShellScriptBuildPhase section */
		97D1A6B816A3D810000010B4 /* ShellScript */ = {
			isa = PBXShellScriptBuildPhase;
			buildActionMask = 2147483647;
			files = (
			);
			inputPaths = (
			);
			outputPaths = (
			);
			runOnlyForDeploymentPostprocessing = 0;
			shellPath = /bin/sh;
			shellScript = "# Run the unit tests in this test bundle.\n\"${SYSTEM_DEVELOPER_DIR}/Tools/RunUnitTests\"\n";
		};
		D2AB5858A5A7465F8B7E7DA7 /* Copy Pods Resources */ = {
			isa = PBXShellScriptBuildPhase;
			buildActionMask = 2147483647;
			files = (
			);
			inputPaths = (
			);
			name = "Copy Pods Resources";
			outputPaths = (
			);
			runOnlyForDeploymentPostprocessing = 0;
			shellPath = /bin/sh;
			shellScript = "\"${SRCROOT}/Pods/Pods-resources.sh\"\n";
		};
/* End PBXShellScriptBuildPhase section */

/* Begin PBXSourcesBuildPhase section */
		97D1A68F16A3D810000010B4 /* Sources */ = {
			isa = PBXSourcesBuildPhase;
			buildActionMask = 2147483647;
			files = (
				97D1A6A416A3D810000010B4 /* main.m in Sources */,
				97D1A6A816A3D810000010B4 /* AppDelegate.m in Sources */,
				973E5D0316A40DC600E1BDD8 /* LoginViewController.m in Sources */,
				9760C6B516A4132E00D62309 /* SlidingViewController.m in Sources */,
				9760C6C216A41A1D00D62309 /* DealsListViewController.m in Sources */,
				97E675C316A477A600B69F36 /* StoreListViewController.m in Sources */,
				97CB545C16A7EEF200E752B0 /* DealCell.m in Sources */,
				97CF711416A9228A0042AA65 /* Deal.m in Sources */,
				9767E2BA16A94A320018B0E1 /* StoreCell.m in Sources */,
				9767E2CD16A9661F0018B0E1 /* CreateDealViewController.m in Sources */,
				97D406F816AD0DF000F3740C /* DealDetailViewController.m in Sources */,
				97D406FC16AD1D9700F3740C /* Store.m in Sources */,
				97D4070216AD5D6100F3740C /* CreateStoreViewController.m in Sources */,
				97C9474916AD9A7C00B707EC /* StoreImage.m in Sources */,
				6132CD5616AE91BD009FEC58 /* DealsFinderHelperMethods.m in Sources */,
				610EA7DA16AEEB9C002046A0 /* SWRevealViewController.m in Sources */,
			);
			runOnlyForDeploymentPostprocessing = 0;
		};
		97D1A6B516A3D810000010B4 /* Sources */ = {
			isa = PBXSourcesBuildPhase;
			buildActionMask = 2147483647;
			files = (
				97D1A6C916A3D810000010B4 /* AppacitiveDealsNearYouTests.m in Sources */,
			);
			runOnlyForDeploymentPostprocessing = 0;
		};
/* End PBXSourcesBuildPhase section */

/* Begin PBXTargetDependency section */
		97D1A6C016A3D810000010B4 /* PBXTargetDependency */ = {
			isa = PBXTargetDependency;
			target = 97D1A69216A3D810000010B4 /* AppacitiveDealsNearYou */;
			targetProxy = 97D1A6BF16A3D810000010B4 /* PBXContainerItemProxy */;
		};
/* End PBXTargetDependency section */

/* Begin PBXVariantGroup section */
		97D1A6A016A3D810000010B4 /* InfoPlist.strings */ = {
			isa = PBXVariantGroup;
			children = (
				97D1A6A116A3D810000010B4 /* en */,
			);
			name = InfoPlist.strings;
			sourceTree = "<group>";
		};
		97D1A6C416A3D810000010B4 /* InfoPlist.strings */ = {
			isa = PBXVariantGroup;
			children = (
				97D1A6C516A3D810000010B4 /* en */,
			);
			name = InfoPlist.strings;
			sourceTree = "<group>";
		};
/* End PBXVariantGroup section */

/* Begin XCBuildConfiguration section */
		97D1A6CA16A3D810000010B4 /* Debug */ = {
			isa = XCBuildConfiguration;
			buildSettings = {
				ALWAYS_SEARCH_USER_PATHS = NO;
				CLANG_CXX_LANGUAGE_STANDARD = "gnu++0x";
				CLANG_CXX_LIBRARY = "libc++";
				CLANG_ENABLE_OBJC_ARC = YES;
				CLANG_WARN_EMPTY_BODY = YES;
				CLANG_WARN__DUPLICATE_METHOD_MATCH = YES;
				"CODE_SIGN_IDENTITY[sdk=iphoneos*]" = "iPhone Developer";
				COPY_PHASE_STRIP = NO;
				GCC_C_LANGUAGE_STANDARD = gnu99;
				GCC_DYNAMIC_NO_PIC = NO;
				GCC_OPTIMIZATION_LEVEL = 0;
				GCC_PREPROCESSOR_DEFINITIONS = (
					"DEBUG=1",
					"$(inherited)",
				);
				GCC_SYMBOLS_PRIVATE_EXTERN = NO;
				GCC_WARN_ABOUT_RETURN_TYPE = YES;
				GCC_WARN_UNINITIALIZED_AUTOS = YES;
				GCC_WARN_UNUSED_VARIABLE = YES;
				IPHONEOS_DEPLOYMENT_TARGET = 6.0;
				ONLY_ACTIVE_ARCH = YES;
				SDKROOT = iphoneos;
			};
			name = Debug;
		};
		97D1A6CB16A3D810000010B4 /* Release */ = {
			isa = XCBuildConfiguration;
			buildSettings = {
				ALWAYS_SEARCH_USER_PATHS = NO;
				CLANG_CXX_LANGUAGE_STANDARD = "gnu++0x";
				CLANG_CXX_LIBRARY = "libc++";
				CLANG_ENABLE_OBJC_ARC = YES;
				CLANG_WARN_EMPTY_BODY = YES;
				CLANG_WARN__DUPLICATE_METHOD_MATCH = YES;
				"CODE_SIGN_IDENTITY[sdk=iphoneos*]" = "iPhone Developer";
				COPY_PHASE_STRIP = YES;
				GCC_C_LANGUAGE_STANDARD = gnu99;
				GCC_WARN_ABOUT_RETURN_TYPE = YES;
				GCC_WARN_UNINITIALIZED_AUTOS = YES;
				GCC_WARN_UNUSED_VARIABLE = YES;
				IPHONEOS_DEPLOYMENT_TARGET = 6.0;
				ONLY_ACTIVE_ARCH = YES;
				OTHER_CFLAGS = "-DNS_BLOCK_ASSERTIONS=1";
				SDKROOT = iphoneos;
				VALIDATE_PRODUCT = YES;
			};
			name = Release;
		};
		97D1A6CD16A3D810000010B4 /* Debug */ = {
			isa = XCBuildConfiguration;
			baseConfigurationReference = 1724B85E3A6C4E4BBDA9B79B /* Pods.xcconfig */;
			buildSettings = {
				FRAMEWORK_SEARCH_PATHS = (
					"$(inherited)",
					"\"$(SRCROOT)/../../FacebookSDK\"",
				);
				GCC_PRECOMPILE_PREFIX_HEADER = YES;
				GCC_PREFIX_HEADER = "AppacitiveDealsNearYou/AppacitiveDealsNearYou-Prefix.pch";
				INFOPLIST_FILE = "AppacitiveDealsNearYou/AppacitiveDealsNearYou-Info.plist";
				PRODUCT_NAME = "$(TARGET_NAME)";
				WRAPPER_EXTENSION = app;
			};
			name = Debug;
		};
		97D1A6CE16A3D810000010B4 /* Release */ = {
			isa = XCBuildConfiguration;
			baseConfigurationReference = 1724B85E3A6C4E4BBDA9B79B /* Pods.xcconfig */;
			buildSettings = {
				FRAMEWORK_SEARCH_PATHS = (
					"$(inherited)",
					"\"$(SRCROOT)/../../FacebookSDK\"",
				);
				GCC_PRECOMPILE_PREFIX_HEADER = YES;
				GCC_PREFIX_HEADER = "AppacitiveDealsNearYou/AppacitiveDealsNearYou-Prefix.pch";
				INFOPLIST_FILE = "AppacitiveDealsNearYou/AppacitiveDealsNearYou-Info.plist";
				PRODUCT_NAME = "$(TARGET_NAME)";
				WRAPPER_EXTENSION = app;
			};
			name = Release;
		};
		97D1A6D016A3D810000010B4 /* Debug */ = {
			isa = XCBuildConfiguration;
			buildSettings = {
				BUNDLE_LOADER = "$(BUILT_PRODUCTS_DIR)/AppacitiveDealsNearYou.app/AppacitiveDealsNearYou";
				FRAMEWORK_SEARCH_PATHS = (
					"\"$(SDKROOT)/Developer/Library/Frameworks\"",
					"\"$(DEVELOPER_LIBRARY_DIR)/Frameworks\"",
				);
				GCC_PRECOMPILE_PREFIX_HEADER = YES;
				GCC_PREFIX_HEADER = "AppacitiveDealsNearYou/AppacitiveDealsNearYou-Prefix.pch";
				INFOPLIST_FILE = "AppacitiveDealsNearYouTests/AppacitiveDealsNearYouTests-Info.plist";
				PRODUCT_NAME = "$(TARGET_NAME)";
				TEST_HOST = "$(BUNDLE_LOADER)";
				WRAPPER_EXTENSION = octest;
			};
			name = Debug;
		};
		97D1A6D116A3D810000010B4 /* Release */ = {
			isa = XCBuildConfiguration;
			buildSettings = {
				BUNDLE_LOADER = "$(BUILT_PRODUCTS_DIR)/AppacitiveDealsNearYou.app/AppacitiveDealsNearYou";
				FRAMEWORK_SEARCH_PATHS = (
					"\"$(SDKROOT)/Developer/Library/Frameworks\"",
					"\"$(DEVELOPER_LIBRARY_DIR)/Frameworks\"",
				);
				GCC_PRECOMPILE_PREFIX_HEADER = YES;
				GCC_PREFIX_HEADER = "AppacitiveDealsNearYou/AppacitiveDealsNearYou-Prefix.pch";
				INFOPLIST_FILE = "AppacitiveDealsNearYouTests/AppacitiveDealsNearYouTests-Info.plist";
				PRODUCT_NAME = "$(TARGET_NAME)";
				TEST_HOST = "$(BUNDLE_LOADER)";
				WRAPPER_EXTENSION = octest;
			};
			name = Release;
		};
/* End XCBuildConfiguration section */

/* Begin XCConfigurationList section */
		97D1A68D16A3D810000010B4 /* Build configuration list for PBXProject "AppacitiveDealsNearYou" */ = {
			isa = XCConfigurationList;
			buildConfigurations = (
				97D1A6CA16A3D810000010B4 /* Debug */,
				97D1A6CB16A3D810000010B4 /* Release */,
			);
			defaultConfigurationIsVisible = 0;
			defaultConfigurationName = Release;
		};
		97D1A6CC16A3D810000010B4 /* Build configuration list for PBXNativeTarget "AppacitiveDealsNearYou" */ = {
			isa = XCConfigurationList;
			buildConfigurations = (
				97D1A6CD16A3D810000010B4 /* Debug */,
				97D1A6CE16A3D810000010B4 /* Release */,
			);
			defaultConfigurationIsVisible = 0;
			defaultConfigurationName = Release;
		};
		97D1A6CF16A3D810000010B4 /* Build configuration list for PBXNativeTarget "AppacitiveDealsNearYouTests" */ = {
			isa = XCConfigurationList;
			buildConfigurations = (
				97D1A6D016A3D810000010B4 /* Debug */,
				97D1A6D116A3D810000010B4 /* Release */,
			);
			defaultConfigurationIsVisible = 0;
			defaultConfigurationName = Release;
		};
/* End XCConfigurationList section */
	};
	rootObject = 97D1A68A16A3D810000010B4 /* Project object */;
}
